PODS:
  - Alamofire (5.5.0)
  - Kingfisher (7.1.2)
  - Realm (10.22.0):
    - Realm/Headers (= 10.22.0)
  - Realm/Headers (10.22.0)
  - RealmSwift (10.22.0):
    - Realm (= 10.22.0)
  - SnackBar.swift (0.1.0):
    - SnapKit
  - SnapKit (5.0.1)
  - SwiftGifOrigin (1.7.0)

DEPENDENCIES:
  - Alamofire (~> 5.5)
  - Kingfisher (~> 7.0)
  - RealmSwift
  - SnackBar.swift
  - SwiftGifOrigin (~> 1.7.0)

SPEC REPOS:
  trunk:
    - Alamofire
    - Kingfisher
    - Realm
    - RealmSwift
    - SnackBar.swift
    - SnapKit
    - SwiftGifOrigin

SPEC CHECKSUMS:
  Alamofire: 1c4fb5369c3fe93d2857c780d8bbe09f06f97e7c
  Kingfisher: 44ed6a8504763f27bab46163adfac83f5deb240c
  Realm: d9e4e5877095a6722145811f56fe89a531c9659d
  RealmSwift: e4191b4b957fcfcbed23751ec65eec98f8173ab5
  SnackBar.swift: 79ea4df13ea9e6633137dd6acbd490534d26440d
  SnapKit: 97b92857e3df3a0c71833cce143274bf6ef8e5eb
  SwiftGifOrigin: fbd6cf37afcfcf97a5c3db996ddc0492e5c5c145

PODFILE CHECKSUM: 1658f05f8205a204ad8578cf39b7911f78c2bae2

COCOAPODS: 1.11.2
